
Microsoft Visual Studio Solution File, Format Version 12.00
# Visual Studio Version 16
VisualStudioVersion = 16.0.29613.14
MinimumVisualStudioVersion = 10.0.40219.1
Project("{FAE04EC0-301F-11D3-BF4B-00C04F79EFBC}") = "ToDo List", "ToDo List\ToDo List.csproj", "{82E72F68-5641-4941-9724-701593FAE8D5}"
EndProject
Global
	GlobalSection(SolutionConfigurationPlatforms) = preSolution
		Debug|Any CPU = Debug|Any CPU
		Release|Any CPU = Release|Any CPU
	EndGlobalSection
	GlobalSection(ProjectConfigurationPlatforms) = postSolution
		{82E72F68-5641-4941-9724-701593FAE8D5}.Debug|Any CPU.ActiveCfg = Debug|Any CPU
		{82E72F68-5641-4941-9724-701593FAE8D5}.Debug|Any CPU.Build.0 = Debug|Any CPU
		{82E72F68-5641-4941-9724-701593FAE8D5}.Release|Any CPU.ActiveCfg = Release|Any CPU
		{82E72F68-5641-4941-9724-701593FAE8D5}.Release|Any CPU.Build.0 = Release|Any CPU
	EndGlobalSection
	GlobalSection(SolutionProperties) = preSolution
		HideSolutionNode = FALSE
	EndGlobalSection
	GlobalSection(ExtensibilityGlobals) = postSolution
		SolutionGuid = {1621AB31-27A1-404C-A02A-831963E891C7}
	EndGlobalSection
EndGlobal
